// !$*UTF8*$!
{
	archiveVersion = 1;
	classes = {
	};
	objectVersion = 55;
	objects = {

/* Begin PBXBuildFile section */
		859386B02868AD01009E7499 /* AppDelegate.swift in Sources */ = {isa = PBXBuildFile; fileRef = 859386AF2868AD01009E7499 /* AppDelegate.swift */; };
		859386B22868AD01009E7499 /* SceneDelegate.swift in Sources */ = {isa = PBXBuildFile; fileRef = 859386B12868AD01009E7499 /* SceneDelegate.swift */; };
		859386B42868AD01009E7499 /* ViewController.swift in Sources */ = {isa = PBXBuildFile; fileRef = 859386B32868AD01009E7499 /* ViewController.swift */; };
		859386B92868AD03009E7499 /* Assets.xcassets in Resources */ = {isa = PBXBuildFile; fileRef = 859386B82868AD03009E7499 /* Assets.xcassets */; };
		859386BC2868AD03009E7499 /* LaunchScreen.storyboard in Resources */ = {isa = PBXBuildFile; fileRef = 859386BA2868AD03009E7499 /* LaunchScreen.storyboard */; };
		859386C42868ADA2009E7499 /* ColorScheme.swift in Sources */ = {isa = PBXBuildFile; fileRef = 859386C32868ADA2009E7499 /* ColorScheme.swift */; };
		859386C62868AE2F009E7499 /* ViewModel.swift in Sources */ = {isa = PBXBuildFile; fileRef = 859386C52868AE2F009E7499 /* ViewModel.swift */; };
		859386C82868AF97009E7499 /* ColorSchemeType.swift in Sources */ = {isa = PBXBuildFile; fileRef = 859386C72868AF97009E7499 /* ColorSchemeType.swift */; };
		859386CF2868C155009E7499 /* PinkScheme.swift in Sources */ = {isa = PBXBuildFile; fileRef = 859386CE2868C155009E7499 /* PinkScheme.swift */; };
		859386D12868C1A7009E7499 /* NightScheme.swift in Sources */ = {isa = PBXBuildFile; fileRef = 859386D02868C1A7009E7499 /* NightScheme.swift */; };
		859386D32868C1ED009E7499 /* LightScheme.swift in Sources */ = {isa = PBXBuildFile; fileRef = 859386D22868C1ED009E7499 /* LightScheme.swift */; };
/* End PBXBuildFile section */

/* Begin PBXFileReference section */
		859386AC2868AD01009E7499 /* ColorSchemeChangingMVVM.app */ = {isa = PBXFileReference; explicitFileType = wrapper.application; includeInIndex = 0; path = ColorSchemeChangingMVVM.app; sourceTree = BUILT_PRODUCTS_DIR; };
		859386AF2868AD01009E7499 /* AppDelegate.swift */ = {isa = PBXFileReference; lastKnownFileType = sourcecode.swift; path = AppDelegate.swift; sourceTree = "<group>"; };
		859386B12868AD01009E7499 /* SceneDelegate.swift */ = {isa = PBXFileReference; lastKnownFileType = sourcecode.swift; path = SceneDelegate.swift; sourceTree = "<group>"; };
		859386B32868AD01009E7499 /* ViewController.swift */ = {isa = PBXFileReference; lastKnownFileType = sourcecode.swift; path = ViewController.swift; sourceTree = "<group>"; };
		859386B82868AD03009E7499 /* Assets.xcassets */ = {isa = PBXFileReference; lastKnownFileType = folder.assetcatalog; path = Assets.xcassets; sourceTree = "<group>"; };
		859386BB2868AD03009E7499 /* Base */ = {isa = PBXFileReference; lastKnownFileType = file.storyboard; name = Base; path = Base.lproj/LaunchScreen.storyboard; sourceTree = "<group>"; };
		859386BD2868AD03009E7499 /* Info.plist */ = {isa = PBXFileReference; lastKnownFileType = text.plist.xml; path = Info.plist; sourceTree = "<group>"; };
		859386C32868ADA2009E7499 /* ColorScheme.swift */ = {isa = PBXFileReference; lastKnownFileType = sourcecode.swift; path = ColorScheme.swift; sourceTree = "<group>"; };
		859386C52868AE2F009E7499 /* ViewModel.swift */ = {isa = PBXFileReference; lastKnownFileType = sourcecode.swift; path = ViewModel.swift; sourceTree = "<group>"; };
		859386C72868AF97009E7499 /* ColorSchemeType.swift */ = {isa = PBXFileReference; lastKnownFileType = sourcecode.swift; path = ColorSchemeType.swift; sourceTree = "<group>"; };
		859386CE2868C155009E7499 /* PinkScheme.swift */ = {isa = PBXFileReference; lastKnownFileType = sourcecode.swift; path = PinkScheme.swift; sourceTree = "<group>"; };
		859386D02868C1A7009E7499 /* NightScheme.swift */ = {isa = PBXFileReference; lastKnownFileType = sourcecode.swift; path = NightScheme.swift; sourceTree = "<group>"; };
		859386D22868C1ED009E7499 /* LightScheme.swift */ = {isa = PBXFileReference; lastKnownFileType = sourcecode.swift; path = LightScheme.swift; sourceTree = "<group>"; };
/* End PBXFileReference section */

/* Begin PBXFrameworksBuildPhase section */
		859386A92868AD01009E7499 /* Frameworks */ = {
			isa = PBXFrameworksBuildPhase;
			buildActionMask = 2147483647;
			files = (
			);
			runOnlyForDeploymentPostprocessing = 0;
		};
/* End PBXFrameworksBuildPhase section */

/* Begin PBXGroup section */
		859386A32868AD01009E7499 = {
			isa = PBXGroup;
			children = (
				859386AE2868AD01009E7499 /* ColorSchemeChangingMVVM */,
				859386AD2868AD01009E7499 /* Products */,
			);
			sourceTree = "<group>";
		};
		859386AD2868AD01009E7499 /* Products */ = {
			isa = PBXGroup;
			children = (
				859386AC2868AD01009E7499 /* ColorSchemeChangingMVVM.app */,
			);
			name = Products;
			sourceTree = "<group>";
		};
		859386AE2868AD01009E7499 /* ColorSchemeChangingMVVM */ = {
			isa = PBXGroup;
			children = (
				859386CB2868AFE0009E7499 /* Application */,
				859386CD2868B041009E7499 /* Models */,
				859386CA2868AFCE009E7499 /* ViewModels */,
				859386C92868AFBD009E7499 /* Views */,
				859386CC2868AFEF009E7499 /* Resources */,
			);
			path = ColorSchemeChangingMVVM;
			sourceTree = "<group>";
		};
		859386C92868AFBD009E7499 /* Views */ = {
			isa = PBXGroup;
			children = (
				859386B32868AD01009E7499 /* ViewController.swift */,
			);
			path = Views;
			sourceTree = "<group>";
		};
		859386CA2868AFCE009E7499 /* ViewModels */ = {
			isa = PBXGroup;
			children = (
				859386C52868AE2F009E7499 /* ViewModel.swift */,
			);
			path = ViewModels;
			sourceTree = "<group>";
		};
		859386CB2868AFE0009E7499 /* Application */ = {
			isa = PBXGroup;
			children = (
				859386AF2868AD01009E7499 /* AppDelegate.swift */,
				859386B12868AD01009E7499 /* SceneDelegate.swift */,
				859386BA2868AD03009E7499 /* LaunchScreen.storyboard */,
				859386BD2868AD03009E7499 /* Info.plist */,
			);
			path = Application;
			sourceTree = "<group>";
		};
		859386CC2868AFEF009E7499 /* Resources */ = {
			isa = PBXGroup;
			children = (
				859386B82868AD03009E7499 /* Assets.xcassets */,
			);
			path = Resources;
			sourceTree = "<group>";
		};
		859386CD2868B041009E7499 /* Models */ = {
			isa = PBXGroup;
			children = (
				859386C32868ADA2009E7499 /* ColorScheme.swift */,
				859386C72868AF97009E7499 /* ColorSchemeType.swift */,
				859386D42868C209009E7499 /* ColorSchemes */,
			);
			path = Models;
			sourceTree = "<group>";
		};
		859386D42868C209009E7499 /* ColorSchemes */ = {
			isa = PBXGroup;
			children = (
				859386D22868C1ED009E7499 /* LightScheme.swift */,
				859386CE2868C155009E7499 /* PinkScheme.swift */,
				859386D02868C1A7009E7499 /* NightScheme.swift */,
			);
			path = ColorSchemes;
			sourceTree = "<group>";
		};
/* End PBXGroup section */

/* Begin PBXNativeTarget section */
		859386AB2868AD01009E7499 /* ColorSchemeChangingMVVM */ = {
			isa = PBXNativeTarget;
			buildConfigurationList = 859386C02868AD03009E7499 /* Build configuration list for PBXNativeTarget "ColorSchemeChangingMVVM" */;
			buildPhases = (
				859386A82868AD01009E7499 /* Sources */,
				859386A92868AD01009E7499 /* Frameworks */,
				859386AA2868AD01009E7499 /* Resources */,
			);
			buildRules = (
			);
			dependencies = (
			);
			name = ColorSchemeChangingMVVM;
			productName = ColorSchemeChangingMVVM;
			productReference = 859386AC2868AD01009E7499 /* ColorSchemeChangingMVVM.app */;
			productType = "com.apple.product-type.application";
		};
/* End PBXNativeTarget section */

/* Begin PBXProject section */
		859386A42868AD01009E7499 /* Project object */ = {
			isa = PBXProject;
			attributes = {
				BuildIndependentTargetsInParallel = 1;
				LastSwiftUpdateCheck = 1340;
				LastUpgradeCheck = 1340;
				TargetAttributes = {
					859386AB2868AD01009E7499 = {
						CreatedOnToolsVersion = 13.4.1;
					};
				};
			};
			buildConfigurationList = 859386A72868AD01009E7499 /* Build configuration list for PBXProject "ColorSchemeChangingMVVM" */;
			compatibilityVersion = "Xcode 13.0";
			developmentRegion = en;
			hasScannedForEncodings = 0;
			knownRegions = (
				en,
				Base,
			);
			mainGroup = 859386A32868AD01009E7499;
			productRefGroup = 859386AD2868AD01009E7499 /* Products */;
			projectDirPath = "";
			projectRoot = "";
			targets = (
				859386AB2868AD01009E7499 /* ColorSchemeChangingMVVM */,
			);
		};
/* End PBXProject section */

/* Begin PBXResourcesBuildPhase section */
		859386AA2868AD01009E7499 /* Resources */ = {
			isa = PBXResourcesBuildPhase;
			buildActionMask = 2147483647;
			files = (
				859386BC2868AD03009E7499 /* LaunchScreen.storyboard in Resources */,
				859386B92868AD03009E7499 /* Assets.xcassets in Resources */,
			);
			runOnlyForDeploymentPostprocessing = 0;
		};
/* End PBXResourcesBuildPhase section */

/* Begin PBXSourcesBuildPhase section */
		859386A82868AD01009E7499 /* Sources */ = {
			isa = PBXSourcesBuildPhase;
			buildActionMask = 2147483647;
			files = (
				859386CF2868C155009E7499 /* PinkScheme.swift in Sources */,
				859386D32868C1ED009E7499 /* LightScheme.swift in Sources */,
				859386C62868AE2F009E7499 /* ViewModel.swift in Sources */,
				859386C42868ADA2009E7499 /* ColorScheme.swift in Sources */,
				859386D12868C1A7009E7499 /* NightScheme.swift in Sources */,
				859386B42868AD01009E7499 /* ViewController.swift in Sources */,
				859386B02868AD01009E7499 /* AppDelegate.swift in Sources */,
				859386C82868AF97009E7499 /* ColorSchemeType.swift in Sources */,
				859386B22868AD01009E7499 /* SceneDelegate.swift in Sources */,
			);
			runOnlyForDeploymentPostprocessing = 0;
		};
/* End PBXSourcesBuildPhase section */

/* Begin PBXVariantGroup section */
		859386BA2868AD03009E7499 /* LaunchScreen.storyboard */ = {
			isa = PBXVariantGroup;
			children = (
				859386BB2868AD03009E7499 /* Base */,
			);
			name = LaunchScreen.storyboard;
			sourceTree = "<group>";
		};
/* End PBXVariantGroup section */

/* Begin XCBuildConfiguration section */
		859386BE2868AD03009E7499 /* Debug */ = {
			isa = XCBuildConfiguration;
			buildSettings = {
				ALWAYS_SEARCH_USER_PATHS = NO;
				CLANG_ANALYZER_NONNULL = YES;
				CLANG_ANALYZER_NUMBER_OBJECT_CONVERSION = YES_AGGRESSIVE;
				CLANG_CXX_LANGUAGE_STANDARD = "gnu++17";
				CLANG_ENABLE_MODULES = YES;
				CLANG_ENABLE_OBJC_ARC = YES;
				CLANG_ENABLE_OBJC_WEAK = YES;
				CLANG_WARN_BLOCK_CAPTURE_AUTORELEASING = YES;
				CLANG_WARN_BOOL_CONVERSION = YES;
				CLANG_WARN_COMMA = YES;
				CLANG_WARN_CONSTANT_CONVERSION = YES;
				CLANG_WARN_DEPRECATED_OBJC_IMPLEMENTATIONS = YES;
				CLANG_WARN_DIRECT_OBJC_ISA_USAGE = YES_ERROR;
				CLANG_WARN_DOCUMENTATION_COMMENTS = YES;
				CLANG_WARN_EMPTY_BODY = YES;
				CLANG_WARN_ENUM_CONVERSION = YES;
				CLANG_WARN_INFINITE_RECURSION = YES;
				CLANG_WARN_INT_CONVERSION = YES;
				CLANG_WARN_NON_LITERAL_NULL_CONVERSION = YES;
				CLANG_WARN_OBJC_IMPLICIT_RETAIN_SELF = YES;
				CLANG_WARN_OBJC_LITERAL_CONVERSION = YES;
				CLANG_WARN_OBJC_ROOT_CLASS = YES_ERROR;
				CLANG_WARN_QUOTED_INCLUDE_IN_FRAMEWORK_HEADER = YES;
				CLANG_WARN_RANGE_LOOP_ANALYSIS = YES;
				CLANG_WARN_STRICT_PROTOTYPES = YES;
				CLANG_WARN_SUSPICIOUS_MOVE = YES;
				CLANG_WARN_UNGUARDED_AVAILABILITY = YES_AGGRESSIVE;
				CLANG_WARN_UNREACHABLE_CODE = YES;
				CLANG_WARN__DUPLICATE_METHOD_MATCH = YES;
				COPY_PHASE_STRIP = NO;
				DEBUG_INFORMATION_FORMAT = dwarf;
				ENABLE_STRICT_OBJC_MSGSEND = YES;
				ENABLE_TESTABILITY = YES;
				GCC_C_LANGUAGE_STANDARD = gnu11;
				GCC_DYNAMIC_NO_PIC = NO;
				GCC_NO_COMMON_BLOCKS = YES;
				GCC_OPTIMIZATION_LEVEL = 0;
				GCC_PREPROCESSOR_DEFINITIONS = (
					"DEBUG=1",
					"$(inherited)",
				);
				GCC_WARN_64_TO_32_BIT_CONVERSION = YES;
				GCC_WARN_ABOUT_RETURN_TYPE = YES_ERROR;
				GCC_WARN_UNDECLARED_SELECTOR = YES;
				GCC_WARN_UNINITIALIZED_AUTOS = YES_AGGRESSIVE;
				GCC_WARN_UNUSED_FUNCTION = YES;
				GCC_WARN_UNUSED_VARIABLE = YES;
				IPHONEOS_DEPLOYMENT_TARGET = 15.5;
				MTL_ENABLE_DEBUG_INFO = INCLUDE_SOURCE;
				MTL_FAST_MATH = YES;
				ONLY_ACTIVE_ARCH = YES;
				SDKROOT = iphoneos;
				SWIFT_ACTIVE_COMPILATION_CONDITIONS = DEBUG;
				SWIFT_OPTIMIZATION_LEVEL = "-Onone";
			};
			name = Debug;
		};
		859386BF2868AD03009E7499 /* Release */ = {
			isa = XCBuildConfiguration;
			buildSettings = {
				ALWAYS_SEARCH_USER_PATHS = NO;
				CLANG_ANALYZER_NONNULL = YES;
				CLANG_ANALYZER_NUMBER_OBJECT_CONVERSION = YES_AGGRESSIVE;
				CLANG_CXX_LANGUAGE_STANDARD = "gnu++17";
				CLANG_ENABLE_MODULES = YES;
				CLANG_ENABLE_OBJC_ARC = YES;
				CLANG_ENABLE_OBJC_WEAK = YES;
				CLANG_WARN_BLOCK_CAPTURE_AUTORELEASING = YES;
				CLANG_WARN_BOOL_CONVERSION = YES;
				CLANG_WARN_COMMA = YES;
				CLANG_WARN_CONSTANT_CONVERSION = YES;
				CLANG_WARN_DEPRECATED_OBJC_IMPLEMENTATIONS = YES;
				CLANG_WARN_DIRECT_OBJC_ISA_USAGE = YES_ERROR;
				CLANG_WARN_DOCUMENTATION_COMMENTS = YES;
				CLANG_WARN_EMPTY_BODY = YES;
				CLANG_WARN_ENUM_CONVERSION = YES;
				CLANG_WARN_INFINITE_RECURSION = YES;
				CLANG_WARN_INT_CONVERSION = YES;
				CLANG_WARN_NON_LITERAL_NULL_CONVERSION = YES;
				CLANG_WARN_OBJC_IMPLICIT_RETAIN_SELF = YES;
				CLANG_WARN_OBJC_LITERAL_CONVERSION = YES;
				CLANG_WARN_OBJC_ROOT_CLASS = YES_ERROR;
				CLANG_WARN_QUOTED_INCLUDE_IN_FRAMEWORK_HEADER = YES;
				CLANG_WARN_RANGE_LOOP_ANALYSIS = YES;
				CLANG_WARN_STRICT_PROTOTYPES = YES;
				CLANG_WARN_SUSPICIOUS_MOVE = YES;
				CLANG_WARN_UNGUARDED_AVAILABILITY = YES_AGGRESSIVE;
				CLANG_WARN_UNREACHABLE_CODE = YES;
				CLANG_WARN__DUPLICATE_METHOD_MATCH = YES;
				COPY_PHASE_STRIP = NO;
				DEBUG_INFORMATION_FORMAT = "dwarf-with-dsym";
				ENABLE_NS_ASSERTIONS = NO;
				ENABLE_STRICT_OBJC_MSGSEND = YES;
				GCC_C_LANGUAGE_STANDARD = gnu11;
				GCC_NO_COMMON_BLOCKS = YES;
				GCC_WARN_64_TO_32_BIT_CONVERSION = YES;
				GCC_WARN_ABOUT_RETURN_TYPE = YES_ERROR;
				GCC_WARN_UNDECLARED_SELECTOR = YES;
				GCC_WARN_UNINITIALIZED_AUTOS = YES_AGGRESSIVE;
				GCC_WARN_UNUSED_FUNCTION = YES;
				GCC_WARN_UNUSED_VARIABLE = YES;
				IPHONEOS_DEPLOYMENT_TARGET = 15.5;
				MTL_ENABLE_DEBUG_INFO = NO;
				MTL_FAST_MATH = YES;
				SDKROOT = iphoneos;
				SWIFT_COMPILATION_MODE = wholemodule;
				SWIFT_OPTIMIZATION_LEVEL = "-O";
				VALIDATE_PRODUCT = YES;
			};
			name = Release;
		};
		859386C12868AD03009E7499 /* Debug */ = {
			isa = XCBuildConfiguration;
			buildSettings = {
				ASSETCATALOG_COMPILER_APPICON_NAME = AppIcon;
				ASSETCATALOG_COMPILER_GLOBAL_ACCENT_COLOR_NAME = AccentColor;
				CODE_SIGN_STYLE = Automatic;
				CURRENT_PROJECT_VERSION = 1;
				DEVELOPMENT_TEAM = 76TUWTZW78;
				GENERATE_INFOPLIST_FILE = YES;
				INFOPLIST_FILE = ColorSchemeChangingMVVM/Application/Info.plist;
				INFOPLIST_KEY_UIApplicationSupportsIndirectInputEvents = YES;
				INFOPLIST_KEY_UILaunchStoryboardName = LaunchScreen;
				INFOPLIST_KEY_UISupportedInterfaceOrientations_iPad = "UIInterfaceOrientationPortrait UIInterfaceOrientationPortraitUpsideDown UIInterfaceOrientationLandscapeLeft UIInterfaceOrientationLandscapeRight";
				INFOPLIST_KEY_UISupportedInterfaceOrientations_iPhone = "UIInterfaceOrientationPortrait UIInterfaceOrientationLandscapeLeft UIInterfaceOrientationLandscapeRight";
				LD_RUNPATH_SEARCH_PATHS = (
					"$(inherited)",
					"@executable_path/Frameworks",
				);
				MARKETING_VERSION = 1.0;
				PRODUCT_BUNDLE_IDENTIFIER = com.nkate.ColorSchemeChangingMVVM;
				PRODUCT_NAME = "$(TARGET_NAME)";
				SWIFT_EMIT_LOC_STRINGS = YES;
				SWIFT_VERSION = 5.0;
				TARGETED_DEVICE_FAMILY = "1,2";
			};
			name = Debug;
		};
		859386C22868AD03009E7499 /* Release */ = {
			isa = XCBuildConfiguration;
			buildSettings = {
				ASSETCATALOG_COMPILER_APPICON_NAME = AppIcon;
				ASSETCATALOG_COMPILER_GLOBAL_ACCENT_COLOR_NAME = AccentColor;
				CODE_SIGN_STYLE = Automatic;
				CURRENT_PROJECT_VERSION = 1;
				DEVELOPMENT_TEAM = 76TUWTZW78;
				GENERATE_INFOPLIST_FILE = YES;
				INFOPLIST_FILE = ColorSchemeChangingMVVM/Application/Info.plist;
				INFOPLIST_KEY_UIApplicationSupportsIndirectInputEvents = YES;
				INFOPLIST_KEY_UILaunchStoryboardName = LaunchScreen;
				INFOPLIST_KEY_UISupportedInterfaceOrientations_iPad = "UIInterfaceOrientationPortrait UIInterfaceOrientationPortraitUpsideDown UIInterfaceOrientationLandscapeLeft UIInterfaceOrientationLandscapeRight";
				INFOPLIST_KEY_UISupportedInterfaceOrientations_iPhone = "UIInterfaceOrientationPortrait UIInterfaceOrientationLandscapeLeft UIInterfaceOrientationLandscapeRight";
				LD_RUNPATH_SEARCH_PATHS = (
					"$(inherited)",
					"@executable_path/Frameworks",
				);
				MARKETING_VERSION = 1.0;
				PRODUCT_BUNDLE_IDENTIFIER = com.nkate.ColorSchemeChangingMVVM;
				PRODUCT_NAME = "$(TARGET_NAME)";
				SWIFT_EMIT_LOC_STRINGS = YES;
				SWIFT_VERSION = 5.0;
				TARGETED_DEVICE_FAMILY = "1,2";
			};
			name = Release;
		};
/* End XCBuildConfiguration section */

/* Begin XCConfigurationList section */
		859386A72868AD01009E7499 /* Build configuration list for PBXProject "ColorSchemeChangingMVVM" */ = {
			isa = XCConfigurationList;
			buildConfigurations = (
				859386BE2868AD03009E7499 /* Debug */,
				859386BF2868AD03009E7499 /* Release */,
			);
			defaultConfigurationIsVisible = 0;
			defaultConfigurationName = Release;
		};
		859386C02868AD03009E7499 /* Build configuration list for PBXNativeTarget "ColorSchemeChangingMVVM" */ = {
			isa = XCConfigurationList;
			buildConfigurations = (
				859386C12868AD03009E7499 /* Debug */,
				859386C22868AD03009E7499 /* Release */,
			);
			defaultConfigurationIsVisible = 0;
			defaultConfigurationName = Release;
		};
/* End XCConfigurationList section */
	};
	rootObject = 859386A42868AD01009E7499 /* Project object */;
}
